
Microsoft Visual Studio Solution File, Format Version 12.00
# Visual Studio Version 17
VisualStudioVersion = 17.14.36408.4
MinimumVisualStudioVersion = 10.0.40219.1
Project("{2150E333-8FDC-42A3-9474-1A3956D46DE8}") = "src", "src", "{02EA681E-C7D8-13C7-8484-4AC65E1B71E8}"
EndProject
Project("{2150E333-8FDC-42A3-9474-1A3956D46DE8}") = "API", "API", "{5067B835-9E6F-4A7D-996F-C00A51F8D6A3}"
EndProject
Project("{2150E333-8FDC-42A3-9474-1A3956D46DE8}") = "Data", "Data", "{AF1795D0-3DBD-403A-8454-CCEEA25E4DF9}"
EndProject
Project("{FAE04EC0-301F-11D3-BF4B-00C04F79EFBC}") = "SmartAppt.API", "src\API\SmartAppt.API\SmartAppt.API.csproj", "{F3BC9961-2FFE-4FBB-A94B-EE80CC6580F8}"
EndProject
Project("{FAE04EC0-301F-11D3-BF4B-00C04F79EFBC}") = "Data.SmartAppt.SQL", "src\Data\Data.SmartAppt.SQL\Data.SmartAppt.SQL.csproj", "{E39256EB-AE2A-45F9-B74D-34037BB7FC1E}"
EndProject
Project("{2150E333-8FDC-42A3-9474-1A3956D46DE8}") = "Business", "Business", "{E01BBA6F-B403-4336-82F1-24C7BB7DB635}"
EndProject
Project("{FAE04EC0-301F-11D3-BF4B-00C04F79EFBC}") = "Business.SmartAppt", "src\Business\Business.SmartAppt\Business.SmartAppt.csproj", "{048A95B0-1369-4F78-B00A-0617C01C3640}"
EndProject
Project("{2150E333-8FDC-42A3-9474-1A3956D46DE8}") = "Common", "Common", "{66586F63-51D9-46B0-8B19-72C1BDD24B8E}"
EndProject
Project("{FAE04EC0-301F-11D3-BF4B-00C04F79EFBC}") = "Common", "src\Common\Common\Common.csproj", "{386656FC-298D-42EC-AEF6-FEE5F3563593}"
EndProject
Global
	GlobalSection(SolutionConfigurationPlatforms) = preSolution
		Debug|Any CPU = Debug|Any CPU
		Release|Any CPU = Release|Any CPU
	EndGlobalSection
	GlobalSection(ProjectConfigurationPlatforms) = postSolution
		{F3BC9961-2FFE-4FBB-A94B-EE80CC6580F8}.Debug|Any CPU.ActiveCfg = Debug|Any CPU
		{F3BC9961-2FFE-4FBB-A94B-EE80CC6580F8}.Debug|Any CPU.Build.0 = Debug|Any CPU
		{F3BC9961-2FFE-4FBB-A94B-EE80CC6580F8}.Release|Any CPU.ActiveCfg = Release|Any CPU
		{F3BC9961-2FFE-4FBB-A94B-EE80CC6580F8}.Release|Any CPU.Build.0 = Release|Any CPU
		{E39256EB-AE2A-45F9-B74D-34037BB7FC1E}.Debug|Any CPU.ActiveCfg = Debug|Any CPU
		{E39256EB-AE2A-45F9-B74D-34037BB7FC1E}.Debug|Any CPU.Build.0 = Debug|Any CPU
		{E39256EB-AE2A-45F9-B74D-34037BB7FC1E}.Release|Any CPU.ActiveCfg = Release|Any CPU
		{E39256EB-AE2A-45F9-B74D-34037BB7FC1E}.Release|Any CPU.Build.0 = Release|Any CPU
		{048A95B0-1369-4F78-B00A-0617C01C3640}.Debug|Any CPU.ActiveCfg = Debug|Any CPU
		{048A95B0-1369-4F78-B00A-0617C01C3640}.Debug|Any CPU.Build.0 = Debug|Any CPU
		{048A95B0-1369-4F78-B00A-0617C01C3640}.Release|Any CPU.ActiveCfg = Release|Any CPU
		{048A95B0-1369-4F78-B00A-0617C01C3640}.Release|Any CPU.Build.0 = Release|Any CPU
		{386656FC-298D-42EC-AEF6-FEE5F3563593}.Debug|Any CPU.ActiveCfg = Debug|Any CPU
		{386656FC-298D-42EC-AEF6-FEE5F3563593}.Debug|Any CPU.Build.0 = Debug|Any CPU
		{386656FC-298D-42EC-AEF6-FEE5F3563593}.Release|Any CPU.ActiveCfg = Release|Any CPU
		{386656FC-298D-42EC-AEF6-FEE5F3563593}.Release|Any CPU.Build.0 = Release|Any CPU
	EndGlobalSection
	GlobalSection(SolutionProperties) = preSolution
		HideSolutionNode = FALSE
	EndGlobalSection
	GlobalSection(NestedProjects) = preSolution
		{5067B835-9E6F-4A7D-996F-C00A51F8D6A3} = {02EA681E-C7D8-13C7-8484-4AC65E1B71E8}
		{AF1795D0-3DBD-403A-8454-CCEEA25E4DF9} = {02EA681E-C7D8-13C7-8484-4AC65E1B71E8}
		{F3BC9961-2FFE-4FBB-A94B-EE80CC6580F8} = {5067B835-9E6F-4A7D-996F-C00A51F8D6A3}
		{E39256EB-AE2A-45F9-B74D-34037BB7FC1E} = {AF1795D0-3DBD-403A-8454-CCEEA25E4DF9}
		{E01BBA6F-B403-4336-82F1-24C7BB7DB635} = {02EA681E-C7D8-13C7-8484-4AC65E1B71E8}
		{048A95B0-1369-4F78-B00A-0617C01C3640} = {E01BBA6F-B403-4336-82F1-24C7BB7DB635}
		{66586F63-51D9-46B0-8B19-72C1BDD24B8E} = {02EA681E-C7D8-13C7-8484-4AC65E1B71E8}
		{386656FC-298D-42EC-AEF6-FEE5F3563593} = {66586F63-51D9-46B0-8B19-72C1BDD24B8E}
	EndGlobalSection
	GlobalSection(ExtensibilityGlobals) = postSolution
		SolutionGuid = {6A52EEB0-C914-4D32-A31A-98B4EA202692}
	EndGlobalSection
EndGlobal
